
Microsoft Visual Studio Solution File, Format Version 12.00
# Visual Studio Version 16
VisualStudioVersion = 16.0.30907.101
MinimumVisualStudioVersion = 10.0.40219.1
Project("{8BC9CEB8-8B4A-11D0-8D11-00A0C91BC942}") = "MAC_QUIZ4", "MAC_QUIZ4\MAC_QUIZ4.vcxproj", "{2275152F-5705-4EC7-A209-3F4C631B7840}"
EndProject
Global
	GlobalSection(SolutionConfigurationPlatforms) = preSolution
		Debug|x64 = Debug|x64
		Debug|x86 = Debug|x86
		Release|x64 = Release|x64
		Release|x86 = Release|x86
	EndGlobalSection
	GlobalSection(ProjectConfigurationPlatforms) = postSolution
		{2275152F-5705-4EC7-A209-3F4C631B7840}.Debug|x64.ActiveCfg = Debug|x64
		{2275152F-5705-4EC7-A209-3F4C631B7840}.Debug|x64.Build.0 = Debug|x64
		{2275152F-5705-4EC7-A209-3F4C631B7840}.Debug|x86.ActiveCfg = Debug|Win32
		{2275152F-5705-4EC7-A209-3F4C631B7840}.Debug|x86.Build.0 = Debug|Win32
		{2275152F-5705-4EC7-A209-3F4C631B7840}.Release|x64.ActiveCfg = Release|x64
		{2275152F-5705-4EC7-A209-3F4C631B7840}.Release|x64.Build.0 = Release|x64
		{2275152F-5705-4EC7-A209-3F4C631B7840}.Release|x86.ActiveCfg = Release|Win32
		{2275152F-5705-4EC7-A209-3F4C631B7840}.Release|x86.Build.0 = Release|Win32
	EndGlobalSection
	GlobalSection(SolutionProperties) = preSolution
		HideSolutionNode = FALSE
	EndGlobalSection
	GlobalSection(ExtensibilityGlobals) = postSolution
		SolutionGuid = {87E8CCB5-BB9E-4283-AAC0-4FD1DC4E134E}
	EndGlobalSection
EndGlobal
