
Microsoft Visual Studio Solution File, Format Version 12.00
# Visual Studio Version 16
VisualStudioVersion = 16.0.30907.101
MinimumVisualStudioVersion = 10.0.40219.1
Project("{8BC9CEB8-8B4A-11D0-8D11-00A0C91BC942}") = "Ex_1.2_3", "Ex_1.2_3\Ex_1.2_3.vcxproj", "{EFCDC744-268A-40EC-BC8D-554659E90317}"
EndProject
Global
	GlobalSection(SolutionConfigurationPlatforms) = preSolution
		Debug|x64 = Debug|x64
		Debug|x86 = Debug|x86
		Release|x64 = Release|x64
		Release|x86 = Release|x86
	EndGlobalSection
	GlobalSection(ProjectConfigurationPlatforms) = postSolution
		{EFCDC744-268A-40EC-BC8D-554659E90317}.Debug|x64.ActiveCfg = Debug|x64
		{EFCDC744-268A-40EC-BC8D-554659E90317}.Debug|x64.Build.0 = Debug|x64
		{EFCDC744-268A-40EC-BC8D-554659E90317}.Debug|x86.ActiveCfg = Debug|Win32
		{EFCDC744-268A-40EC-BC8D-554659E90317}.Debug|x86.Build.0 = Debug|Win32
		{EFCDC744-268A-40EC-BC8D-554659E90317}.Release|x64.ActiveCfg = Release|x64
		{EFCDC744-268A-40EC-BC8D-554659E90317}.Release|x64.Build.0 = Release|x64
		{EFCDC744-268A-40EC-BC8D-554659E90317}.Release|x86.ActiveCfg = Release|Win32
		{EFCDC744-268A-40EC-BC8D-554659E90317}.Release|x86.Build.0 = Release|Win32
	EndGlobalSection
	GlobalSection(SolutionProperties) = preSolution
		HideSolutionNode = FALSE
	EndGlobalSection
	GlobalSection(ExtensibilityGlobals) = postSolution
		SolutionGuid = {137B43D1-688B-4850-A8A5-7D1E27C7CEAF}
	EndGlobalSection
EndGlobal
