
Microsoft Visual Studio Solution File, Format Version 12.00
# Visual Studio Version 16
VisualStudioVersion = 16.0.30907.101
MinimumVisualStudioVersion = 10.0.40219.1
Project("{8BC9CEB8-8B4A-11D0-8D11-00A0C91BC942}") = "Ex_6.3_4", "Ex_6.3_4\Ex_6.3_4.vcxproj", "{7857EEE7-7AB6-4852-91DD-B5B0039C42AF}"
EndProject
Global
	GlobalSection(SolutionConfigurationPlatforms) = preSolution
		Debug|x64 = Debug|x64
		Debug|x86 = Debug|x86
		Release|x64 = Release|x64
		Release|x86 = Release|x86
	EndGlobalSection
	GlobalSection(ProjectConfigurationPlatforms) = postSolution
		{7857EEE7-7AB6-4852-91DD-B5B0039C42AF}.Debug|x64.ActiveCfg = Debug|x64
		{7857EEE7-7AB6-4852-91DD-B5B0039C42AF}.Debug|x64.Build.0 = Debug|x64
		{7857EEE7-7AB6-4852-91DD-B5B0039C42AF}.Debug|x86.ActiveCfg = Debug|Win32
		{7857EEE7-7AB6-4852-91DD-B5B0039C42AF}.Debug|x86.Build.0 = Debug|Win32
		{7857EEE7-7AB6-4852-91DD-B5B0039C42AF}.Release|x64.ActiveCfg = Release|x64
		{7857EEE7-7AB6-4852-91DD-B5B0039C42AF}.Release|x64.Build.0 = Release|x64
		{7857EEE7-7AB6-4852-91DD-B5B0039C42AF}.Release|x86.ActiveCfg = Release|Win32
		{7857EEE7-7AB6-4852-91DD-B5B0039C42AF}.Release|x86.Build.0 = Release|Win32
	EndGlobalSection
	GlobalSection(SolutionProperties) = preSolution
		HideSolutionNode = FALSE
	EndGlobalSection
	GlobalSection(ExtensibilityGlobals) = postSolution
		SolutionGuid = {62BE9604-CF99-4F67-BC6E-88B3AA0D60F8}
	EndGlobalSection
EndGlobal
